<?xml version="1.0" encoding="UTF-8" standalone="yes" ?>
<CodeBlocks_project_file>
	<FileVersion major="1" minor="6" />
	<Project>
		<Option title="CodeForces" />
		<Option pch_mode="2" />
		<Option compiler="gcc" />
		<Build>
			<Target title="Debug">
				<Option output="bin/Debug/CodeForces" prefix_auto="1" extension_auto="1" />
				<Option object_output="obj/Debug/" />
				<Option type="1" />
				<Option compiler="gcc" />
				<Compiler>
					<Add option="-g" />
				</Compiler>
			</Target>
			<Target title="Release">
				<Option output="bin/Release/CodeForces" prefix_auto="1" extension_auto="1" />
				<Option object_output="obj/Release/" />
				<Option type="1" />
				<Option compiler="gcc" />
				<Compiler>
					<Add option="-O2" />
				</Compiler>
				<Linker>
					<Add option="-s" />
				</Linker>
			</Target>
		</Build>
		<Compiler>
			<Add option="-Wall" />
			<Add option="-fexceptions" />
		</Compiler>
		<Unit filename="A472.cpp">
			<Option compile="0" />
			<Option link="0" />
		</Unit>
		<Unit filename="A606.cpp">
			<Option compile="0" />
			<Option link="0" />
		</Unit>
		<Unit filename="A608.cpp">
			<Option compile="0" />
			<Option link="0" />
		</Unit>
		<Unit filename="A614.cpp">
			<Option compile="0" />
			<Option link="0" />
		</Unit>
		<Unit filename="A651.cpp">
			<Option compile="0" />
			<Option link="0" />
		</Unit>
		<Unit filename="A664.cpp">
			<Option compile="0" />
			<Option link="0" />
		</Unit>
		<Unit filename="A667.cpp">
			<Option compile="0" />
			<Option link="0" />
		</Unit>
		<Unit filename="A672.cpp">
			<Option compile="0" />
			<Option link="0" />
		</Unit>
		<Unit filename="A680.cpp">
			<Option compile="0" />
			<Option link="0" />
		</Unit>
		<Unit filename="A686.cpp">
			<Option compile="0" />
			<Option link="0" />
		</Unit>
		<Unit filename="A688.cpp">
			<Option compile="0" />
			<Option link="0" />
		</Unit>
		<Unit filename="A697.cpp">
			<Option compile="0" />
			<Option link="0" />
		</Unit>
		<Unit filename="A699cpp.cpp">
			<Option compile="0" />
			<Option link="0" />
		</Unit>
		<Unit filename="A705.cpp">
			<Option compile="0" />
			<Option link="0" />
		</Unit>
		<Unit filename="A706.cpp">
			<Option compile="0" />
			<Option link="0" />
		</Unit>
		<Unit filename="A714.cpp">
			<Option compile="0" />
			<Option link="0" />
		</Unit>
		<Unit filename="A716.cpp">
			<Option compile="0" />
			<Option link="0" />
		</Unit>
		<Unit filename="A719.cpp">
			<Option compile="0" />
			<Option link="0" />
		</Unit>
		<Unit filename="A723.cpp">
			<Option compile="0" />
			<Option link="0" />
		</Unit>
		<Unit filename="A731.cpp">
			<Option compile="0" />
			<Option link="0" />
		</Unit>
		<Unit filename="A735.cpp">
			<Option compile="0" />
			<Option link="0" />
		</Unit>
		<Unit filename="A740.cpp">
			<Option compile="0" />
			<Option link="0" />
		</Unit>
		<Unit filename="A745.cpp">
			<Option compile="0" />
			<Option link="0" />
		</Unit>
		<Unit filename="A779.cpp">
			<Option compile="0" />
			<Option link="0" />
		</Unit>
		<Unit filename="A785.cpp">
			<Option compile="0" />
			<Option link="0" />
		</Unit>
		<Unit filename="A791.cpp">
			<Option compile="0" />
			<Option link="0" />
		</Unit>
		<Unit filename="A808.cpp">
			<Option compile="0" />
			<Option link="0" />
		</Unit>
		<Unit filename="A811.cpp">
			<Option compile="0" />
			<Option link="0" />
		</Unit>
		<Unit filename="A813.cpp">
			<Option compile="0" />
			<Option link="0" />
		</Unit>
		<Unit filename="A817.cpp">
			<Option compile="0" />
			<Option link="0" />
		</Unit>
		<Unit filename="B472.cpp">
			<Option compile="0" />
			<Option link="0" />
		</Unit>
		<Unit filename="B608.cpp">
			<Option compile="0" />
			<Option link="0" />
		</Unit>
		<Unit filename="B614.cpp">
			<Option compile="0" />
			<Option link="0" />
		</Unit>
		<Unit filename="B651.cpp">
			<Option compile="0" />
			<Option link="0" />
		</Unit>
		<Unit filename="B651BetterWayWithMultiSet.cpp">
			<Option compile="0" />
			<Option link="0" />
		</Unit>
		<Unit filename="B664.cpp">
			<Option compile="0" />
			<Option link="0" />
		</Unit>
		<Unit filename="B667.cpp">
			<Option compile="0" />
			<Option link="0" />
		</Unit>
		<Unit filename="B672.cpp">
			<Option compile="0" />
			<Option link="0" />
		</Unit>
		<Unit filename="B680.cpp">
			<Option compile="0" />
			<Option link="0" />
		</Unit>
		<Unit filename="B686.cpp">
			<Option compile="0" />
			<Option link="0" />
		</Unit>
		<Unit filename="B688.cpp">
			<Option compile="0" />
			<Option link="0" />
		</Unit>
		<Unit filename="B697.cpp">
			<Option compile="0" />
			<Option link="0" />
		</Unit>
		<Unit filename="B699.cpp">
			<Option compile="0" />
			<Option link="0" />
		</Unit>
		<Unit filename="B705.cpp">
			<Option compile="0" />
			<Option link="0" />
		</Unit>
		<Unit filename="B706.cpp">
			<Option compile="0" />
			<Option link="0" />
		</Unit>
		<Unit filename="B706_Alter.cpp">
			<Option compile="0" />
			<Option link="0" />
		</Unit>
		<Unit filename="B714.cpp">
			<Option compile="0" />
			<Option link="0" />
		</Unit>
		<Unit filename="B716.cpp">
			<Option compile="0" />
			<Option link="0" />
		</Unit>
		<Unit filename="B719.cpp">
			<Option compile="0" />
			<Option link="0" />
		</Unit>
		<Unit filename="B723.cpp">
			<Option compile="0" />
			<Option link="0" />
		</Unit>
		<Unit filename="B731.cpp">
			<Option compile="0" />
			<Option link="0" />
		</Unit>
		<Unit filename="B735.cpp">
			<Option compile="0" />
			<Option link="0" />
		</Unit>
		<Unit filename="B740.cpp">
			<Option compile="0" />
			<Option link="0" />
		</Unit>
		<Unit filename="B742.cpp">
			<Option compile="0" />
			<Option link="0" />
		</Unit>
		<Unit filename="B745.cpp">
			<Option compile="0" />
			<Option link="0" />
		</Unit>
		<Unit filename="B779.cpp">
			<Option compile="0" />
			<Option link="0" />
		</Unit>
		<Unit filename="B785.cpp">
			<Option compile="0" />
			<Option link="0" />
		</Unit>
		<Unit filename="B791.cpp">
			<Option compile="0" />
			<Option link="0" />
		</Unit>
		<Unit filename="B808.cpp">
			<Option compile="0" />
			<Option link="0" />
		</Unit>
		<Unit filename="B811.cpp">
			<Option compile="0" />
			<Option link="0" />
		</Unit>
		<Unit filename="B817.cpp">
			<Option compile="0" />
			<Option link="0" />
		</Unit>
		<Unit filename="C606.cpp">
			<Option compile="0" />
			<Option link="0" />
		</Unit>
		<Unit filename="C608.cpp">
			<Option compile="0" />
			<Option link="0" />
		</Unit>
		<Unit filename="C614.cpp">
			<Option compile="0" />
			<Option link="0" />
		</Unit>
		<Unit filename="C651.cpp">
			<Option compile="0" />
			<Option link="0" />
		</Unit>
		<Unit filename="C664.cpp">
			<Option compile="0" />
			<Option link="0" />
		</Unit>
		<Unit filename="C667.cpp">
			<Option compile="0" />
			<Option link="0" />
		</Unit>
		<Unit filename="C672.cpp">
			<Option compile="0" />
			<Option link="0" />
		</Unit>
		<Unit filename="C680.cpp">
			<Option compile="0" />
			<Option link="0" />
		</Unit>
		<Unit filename="C686.cpp">
			<Option compile="0" />
			<Option link="0" />
		</Unit>
		<Unit filename="C688.cpp">
			<Option compile="0" />
			<Option link="0" />
		</Unit>
		<Unit filename="C697.cpp">
			<Option compile="0" />
			<Option link="0" />
		</Unit>
		<Unit filename="C699.cpp">
			<Option compile="0" />
			<Option link="0" />
		</Unit>
		<Unit filename="C701.cpp">
			<Option compile="0" />
			<Option link="0" />
		</Unit>
		<Unit filename="C705.cpp">
			<Option compile="0" />
			<Option link="0" />
		</Unit>
		<Unit filename="C706.cpp">
			<Option compile="0" />
			<Option link="0" />
		</Unit>
		<Unit filename="C714.cpp">
			<Option compile="0" />
			<Option link="0" />
		</Unit>
		<Unit filename="C716.cpp">
			<Option compile="0" />
			<Option link="0" />
		</Unit>
		<Unit filename="C719.cpp">
			<Option compile="0" />
			<Option link="0" />
		</Unit>
		<Unit filename="C731.cpp">
			<Option compile="0" />
			<Option link="0" />
		</Unit>
		<Unit filename="C735.cpp">
			<Option compile="0" />
			<Option link="0" />
		</Unit>
		<Unit filename="C740.cpp">
			<Option compile="0" />
			<Option link="0" />
		</Unit>
		<Unit filename="C742.cpp">
			<Option compile="0" />
			<Option link="0" />
		</Unit>
		<Unit filename="C745.cpp">
			<Option compile="0" />
			<Option link="0" />
		</Unit>
		<Unit filename="C764.cpp">
			<Option compile="0" />
			<Option link="0" />
		</Unit>
		<Unit filename="C779.cpp">
			<Option compile="0" />
			<Option link="0" />
		</Unit>
		<Unit filename="C785.cpp">
			<Option compile="0" />
			<Option link="0" />
		</Unit>
		<Unit filename="C791.cpp">
			<Option compile="0" />
			<Option link="0" />
		</Unit>
		<Unit filename="C808.cpp">
			<Option compile="0" />
			<Option link="0" />
		</Unit>
		<Unit filename="C811.cpp">
			<Option compile="0" />
			<Option link="0" />
		</Unit>
		<Unit filename="C817.cpp">
			<Option compile="0" />
			<Option link="0" />
		</Unit>
		<Extensions>
			<code_completion />
			<debugger />
		</Extensions>
	</Project>
</CodeBlocks_project_file>
