<?xml version="1.0" encoding="UTF-8" standalone="yes" ?>
<CodeBlocks_project_file>
	<FileVersion major="1" minor="6" />
	<Project>
		<Option title="HackerRank" />
		<Option pch_mode="2" />
		<Option compiler="gcc" />
		<Build>
			<Target title="Debug">
				<Option output="bin/Debug/HackerRank" prefix_auto="1" extension_auto="1" />
				<Option object_output="obj/Debug/" />
				<Option type="1" />
				<Option compiler="gcc" />
				<Compiler>
					<Add option="-g" />
				</Compiler>
			</Target>
			<Target title="Release">
				<Option output="bin/Release/HackerRank" prefix_auto="1" extension_auto="1" />
				<Option object_output="obj/Release/" />
				<Option type="1" />
				<Option compiler="gcc" />
				<Compiler>
					<Add option="-O2" />
				</Compiler>
				<Linker>
					<Add option="-s" />
				</Linker>
			</Target>
		</Build>
		<Compiler>
			<Add option="-Wall" />
			<Add option="-fexceptions" />
		</Compiler>
		<Unit filename="ArraysDs.cpp">
			<Option compile="0" />
			<Option link="0" />
		</Unit>
		<Unit filename="Balanced_Brackets.cpp">
			<Option compile="0" />
			<Option link="0" />
		</Unit>
		<Unit filename="Balanced_Brackets_with_hash.cpp">
			<Option compile="0" />
			<Option link="0" />
		</Unit>
		<Unit filename="Candies.cpp">
			<Option compile="0" />
			<Option link="0" />
		</Unit>
		<Unit filename="Day28.cpp">
			<Option compile="0" />
			<Option link="0" />
		</Unit>
		<Unit filename="Equal.cpp">
			<Option compile="0" />
			<Option link="0" />
		</Unit>
		<Unit filename="FindTheRunningMedian.cpp">
			<Option compile="0" />
			<Option link="0" />
		</Unit>
		<Unit filename="HR.cpp">
			<Option compile="0" />
			<Option link="0" />
		</Unit>
		<Unit filename="LonelyInteger.cpp">
			<Option compile="0" />
			<Option link="0" />
		</Unit>
		<Unit filename="MaximumElement.cpp">
			<Option compile="0" />
			<Option link="0" />
		</Unit>
		<Unit filename="QUisingTwoStack.cpp">
			<Option compile="0" />
			<Option link="0" />
		</Unit>
		<Unit filename="Ransom_Note.cpp">
			<Option compile="0" />
			<Option link="0" />
		</Unit>
		<Unit filename="RoadsAndLibraries.cpp">
			<Option compile="0" />
			<Option link="0" />
		</Unit>
		<Unit filename="SherlockAndCost.cpp">
			<Option compile="0" />
			<Option link="0" />
		</Unit>
		<Unit filename="TreeTopView.cpp">
			<Option compile="0" />
			<Option link="0" />
		</Unit>
		<Unit filename="Two_Stack.cpp">
			<Option compile="0" />
			<Option link="0" />
		</Unit>
		<Unit filename="stdafx.cpp">
			<Option compile="0" />
			<Option link="0" />
		</Unit>
		<Extensions>
			<code_completion />
			<debugger />
		</Extensions>
	</Project>
</CodeBlocks_project_file>
